
Microsoft Visual Studio Solution File, Format Version 12.00
# Visual Studio Version 17
VisualStudioVersion = 17.8.34330.188
MinimumVisualStudioVersion = 10.0.40219.1
Project("{FAE04EC0-301F-11D3-BF4B-00C04F79EFBC}") = "DockPanelSuite.Forms", "Source\DockPanelSuite.Forms\DockPanelSuite.Forms.csproj", "{1ACC94F7-4AA7-44CD-BAD6-B4482362A3D4}"
EndProject
Project("{FAE04EC0-301F-11D3-BF4B-00C04F79EFBC}") = "DockPanelSuite", "Source\DockPanelSuite\DockPanelSuite.csproj", "{C4F26C4C-B151-48C6-87F8-2CEAEF344799}"
EndProject
Global
	GlobalSection(SolutionConfigurationPlatforms) = preSolution
		Debug|Any CPU = Debug|Any CPU
		Release|Any CPU = Release|Any CPU
	EndGlobalSection
	GlobalSection(ProjectConfigurationPlatforms) = postSolution
		{1ACC94F7-4AA7-44CD-BAD6-B4482362A3D4}.Debug|Any CPU.ActiveCfg = Debug|Any CPU
		{1ACC94F7-4AA7-44CD-BAD6-B4482362A3D4}.Debug|Any CPU.Build.0 = Debug|Any CPU
		{1ACC94F7-4AA7-44CD-BAD6-B4482362A3D4}.Release|Any CPU.ActiveCfg = Release|Any CPU
		{1ACC94F7-4AA7-44CD-BAD6-B4482362A3D4}.Release|Any CPU.Build.0 = Release|Any CPU
		{C4F26C4C-B151-48C6-87F8-2CEAEF344799}.Debug|Any CPU.ActiveCfg = Debug|Any CPU
		{C4F26C4C-B151-48C6-87F8-2CEAEF344799}.Debug|Any CPU.Build.0 = Debug|Any CPU
		{C4F26C4C-B151-48C6-87F8-2CEAEF344799}.Release|Any CPU.ActiveCfg = Release|Any CPU
		{C4F26C4C-B151-48C6-87F8-2CEAEF344799}.Release|Any CPU.Build.0 = Release|Any CPU
	EndGlobalSection
	GlobalSection(SolutionProperties) = preSolution
		HideSolutionNode = FALSE
	EndGlobalSection
	GlobalSection(ExtensibilityGlobals) = postSolution
		SolutionGuid = {0E042F51-36C0-4311-B91B-3C440648CC41}
	EndGlobalSection
EndGlobal
